
Microsoft Visual Studio Solution File, Format Version 12.00
# Visual Studio Version 17
VisualStudioVersion = 17.10.35013.160
MinimumVisualStudioVersion = 10.0.40219.1
Project("{8BC9CEB8-8B4A-11D0-8D11-00A0C91BC942}") = "compression-decompression", "compression-decompression\compression-decompression.vcxproj", "{09191EA7-B470-47A8-838C-24CD7545759F}"
EndProject
<<<<<<< HEAD
Project("{8BC9CEB8-8B4A-11D0-8D11-00A0C91BC942}") = "UnitTest2", "UnitTest2\UnitTest2.vcxproj", "{BB565738-BCA5-450C-B357-41E0ABB5180D}"
=======
Project("{8BC9CEB8-8B4A-11D0-8D11-00A0C91BC942}") = "UnitTest3", "UnitTest3\UnitTest3.vcxproj", "{378A9B9B-518F-4A48-807E-24D91DBFDC6A}"
>>>>>>> dev
EndProject
Global
	GlobalSection(SolutionConfigurationPlatforms) = preSolution
		Debug|x64 = Debug|x64
		Debug|x86 = Debug|x86
		Release|x64 = Release|x64
		Release|x86 = Release|x86
	EndGlobalSection
	GlobalSection(ProjectConfigurationPlatforms) = postSolution
		{09191EA7-B470-47A8-838C-24CD7545759F}.Debug|x64.ActiveCfg = Debug|x64
		{09191EA7-B470-47A8-838C-24CD7545759F}.Debug|x64.Build.0 = Debug|x64
		{09191EA7-B470-47A8-838C-24CD7545759F}.Debug|x86.ActiveCfg = Debug|Win32
		{09191EA7-B470-47A8-838C-24CD7545759F}.Debug|x86.Build.0 = Debug|Win32
		{09191EA7-B470-47A8-838C-24CD7545759F}.Release|x64.ActiveCfg = Release|x64
		{09191EA7-B470-47A8-838C-24CD7545759F}.Release|x64.Build.0 = Release|x64
		{09191EA7-B470-47A8-838C-24CD7545759F}.Release|x86.ActiveCfg = Release|Win32
		{09191EA7-B470-47A8-838C-24CD7545759F}.Release|x86.Build.0 = Release|Win32
<<<<<<< HEAD
		{BB565738-BCA5-450C-B357-41E0ABB5180D}.Debug|x64.ActiveCfg = Debug|x64
		{BB565738-BCA5-450C-B357-41E0ABB5180D}.Debug|x64.Build.0 = Debug|x64
		{BB565738-BCA5-450C-B357-41E0ABB5180D}.Debug|x86.ActiveCfg = Debug|Win32
		{BB565738-BCA5-450C-B357-41E0ABB5180D}.Debug|x86.Build.0 = Debug|Win32
		{BB565738-BCA5-450C-B357-41E0ABB5180D}.Release|x64.ActiveCfg = Release|x64
		{BB565738-BCA5-450C-B357-41E0ABB5180D}.Release|x64.Build.0 = Release|x64
		{BB565738-BCA5-450C-B357-41E0ABB5180D}.Release|x86.ActiveCfg = Release|Win32
		{BB565738-BCA5-450C-B357-41E0ABB5180D}.Release|x86.Build.0 = Release|Win32
=======
		{378A9B9B-518F-4A48-807E-24D91DBFDC6A}.Debug|x64.ActiveCfg = Debug|x64
		{378A9B9B-518F-4A48-807E-24D91DBFDC6A}.Debug|x64.Build.0 = Debug|x64
		{378A9B9B-518F-4A48-807E-24D91DBFDC6A}.Debug|x86.ActiveCfg = Debug|Win32
		{378A9B9B-518F-4A48-807E-24D91DBFDC6A}.Debug|x86.Build.0 = Debug|Win32
		{378A9B9B-518F-4A48-807E-24D91DBFDC6A}.Release|x64.ActiveCfg = Release|x64
		{378A9B9B-518F-4A48-807E-24D91DBFDC6A}.Release|x64.Build.0 = Release|x64
		{378A9B9B-518F-4A48-807E-24D91DBFDC6A}.Release|x86.ActiveCfg = Release|Win32
		{378A9B9B-518F-4A48-807E-24D91DBFDC6A}.Release|x86.Build.0 = Release|Win32
>>>>>>> dev
	EndGlobalSection
	GlobalSection(SolutionProperties) = preSolution
		HideSolutionNode = FALSE
	EndGlobalSection
	GlobalSection(ExtensibilityGlobals) = postSolution
		SolutionGuid = {06DA9F81-112A-4D9C-AE16-F1B8DF2DEEA6}
	EndGlobalSection
EndGlobal
